
Microsoft Visual Studio Solution File, Format Version 12.00
# Visual Studio Version 17
VisualStudioVersion = 17.13.35919.96 d17.13
MinimumVisualStudioVersion = 10.0.40219.1
Project("{FAE04EC0-301F-11D3-BF4B-00C04F79EFBC}") = "LeetCodeInCSharp", "LeetCodeInCSharp.csproj", "{B2D5EF5C-A03C-48A0-AA11-779ED620A0DB}"
EndProject
Global
	GlobalSection(SolutionConfigurationPlatforms) = preSolution
		Debug|Any CPU = Debug|Any CPU
		Release|Any CPU = Release|Any CPU
	EndGlobalSection
	GlobalSection(ProjectConfigurationPlatforms) = postSolution
		{B2D5EF5C-A03C-48A0-AA11-779ED620A0DB}.Debug|Any CPU.ActiveCfg = Debug|Any CPU
		{B2D5EF5C-A03C-48A0-AA11-779ED620A0DB}.Debug|Any CPU.Build.0 = Debug|Any CPU
		{B2D5EF5C-A03C-48A0-AA11-779ED620A0DB}.Release|Any CPU.ActiveCfg = Release|Any CPU
		{B2D5EF5C-A03C-48A0-AA11-779ED620A0DB}.Release|Any CPU.Build.0 = Release|Any CPU
	EndGlobalSection
	GlobalSection(SolutionProperties) = preSolution
		HideSolutionNode = FALSE
	EndGlobalSection
	GlobalSection(ExtensibilityGlobals) = postSolution
		SolutionGuid = {D3E20432-1C0E-46BF-A012-7C2A3EA612F3}
	EndGlobalSection
EndGlobal
